// !$*UTF8*$!
{
	archiveVersion = 1;
	classes = {
	};
	objectVersion = 46;
	objects = {

/* Begin PBXBuildFile section */
		230CF64815AF9A8E00952695 /* CalculatorBrain.m in Sources */ = {isa = PBXBuildFile; fileRef = 230CF64715AF9A8E00952695 /* CalculatorBrain.m */; };
		234497B515AF4EB700ED06A4 /* UIKit.framework in Frameworks */ = {isa = PBXBuildFile; fileRef = 234497B415AF4EB700ED06A4 /* UIKit.framework */; };
		234497B715AF4EB700ED06A4 /* Foundation.framework in Frameworks */ = {isa = PBXBuildFile; fileRef = 234497B615AF4EB700ED06A4 /* Foundation.framework */; };
		234497B915AF4EB700ED06A4 /* CoreGraphics.framework in Frameworks */ = {isa = PBXBuildFile; fileRef = 234497B815AF4EB700ED06A4 /* CoreGraphics.framework */; };
		234497BF15AF4EB700ED06A4 /* InfoPlist.strings in Resources */ = {isa = PBXBuildFile; fileRef = 234497BD15AF4EB700ED06A4 /* InfoPlist.strings */; };
		234497C115AF4EB700ED06A4 /* main.m in Sources */ = {isa = PBXBuildFile; fileRef = 234497C015AF4EB700ED06A4 /* main.m */; };
		234497C515AF4EB700ED06A4 /* CalculatorAppDelegate.m in Sources */ = {isa = PBXBuildFile; fileRef = 234497C415AF4EB700ED06A4 /* CalculatorAppDelegate.m */; };
		234497C815AF4EB800ED06A4 /* MainStoryboard.storyboard in Resources */ = {isa = PBXBuildFile; fileRef = 234497C615AF4EB800ED06A4 /* MainStoryboard.storyboard */; };
		234497CB15AF4EB800ED06A4 /* CalculatorViewController.m in Sources */ = {isa = PBXBuildFile; fileRef = 234497CA15AF4EB800ED06A4 /* CalculatorViewController.m */; };
/* End PBXBuildFile section */

/* Begin PBXFileReference section */
		230CF64615AF9A8E00952695 /* CalculatorBrain.h */ = {isa = PBXFileReference; fileEncoding = 4; lastKnownFileType = sourcecode.c.h; path = CalculatorBrain.h; sourceTree = "<group>"; };
		230CF64715AF9A8E00952695 /* CalculatorBrain.m */ = {isa = PBXFileReference; fileEncoding = 4; lastKnownFileType = sourcecode.c.objc; path = CalculatorBrain.m; sourceTree = "<group>"; };
		234497B015AF4EB700ED06A4 /* Calculator2.app */ = {isa = PBXFileReference; explicitFileType = wrapper.application; includeInIndex = 0; path = Calculator2.app; sourceTree = BUILT_PRODUCTS_DIR; };
		234497B415AF4EB700ED06A4 /* UIKit.framework */ = {isa = PBXFileReference; lastKnownFileType = wrapper.framework; name = UIKit.framework; path = System/Library/Frameworks/UIKit.framework; sourceTree = SDKROOT; };
		234497B615AF4EB700ED06A4 /* Foundation.framework */ = {isa = PBXFileReference; lastKnownFileType = wrapper.framework; name = Foundation.framework; path = System/Library/Frameworks/Foundation.framework; sourceTree = SDKROOT; };
		234497B815AF4EB700ED06A4 /* CoreGraphics.framework */ = {isa = PBXFileReference; lastKnownFileType = wrapper.framework; name = CoreGraphics.framework; path = System/Library/Frameworks/CoreGraphics.framework; sourceTree = SDKROOT; };
		234497BC15AF4EB700ED06A4 /* Calculator2-Info.plist */ = {isa = PBXFileReference; lastKnownFileType = text.plist.xml; path = "Calculator2-Info.plist"; sourceTree = "<group>"; };
		234497BE15AF4EB700ED06A4 /* en */ = {isa = PBXFileReference; lastKnownFileType = text.plist.strings; name = en; path = en.lproj/InfoPlist.strings; sourceTree = "<group>"; };
		234497C015AF4EB700ED06A4 /* main.m */ = {isa = PBXFileReference; lastKnownFileType = sourcecode.c.objc; path = main.m; sourceTree = "<group>"; };
		234497C215AF4EB700ED06A4 /* Calculator2-Prefix.pch */ = {isa = PBXFileReference; lastKnownFileType = sourcecode.c.h; path = "Calculator2-Prefix.pch"; sourceTree = "<group>"; };
		234497C315AF4EB700ED06A4 /* CalculatorAppDelegate.h */ = {isa = PBXFileReference; lastKnownFileType = sourcecode.c.h; path = CalculatorAppDelegate.h; sourceTree = "<group>"; };
		234497C415AF4EB700ED06A4 /* CalculatorAppDelegate.m */ = {isa = PBXFileReference; lastKnownFileType = sourcecode.c.objc; path = CalculatorAppDelegate.m; sourceTree = "<group>"; };
		234497C715AF4EB800ED06A4 /* en */ = {isa = PBXFileReference; lastKnownFileType = file.storyboard; name = en; path = en.lproj/MainStoryboard.storyboard; sourceTree = "<group>"; };
		234497C915AF4EB800ED06A4 /* CalculatorViewController.h */ = {isa = PBXFileReference; lastKnownFileType = sourcecode.c.h; path = CalculatorViewController.h; sourceTree = "<group>"; };
		234497CA15AF4EB800ED06A4 /* CalculatorViewController.m */ = {isa = PBXFileReference; lastKnownFileType = sourcecode.c.objc; path = CalculatorViewController.m; sourceTree = "<group>"; };
/* End PBXFileReference section */

/* Begin PBXFrameworksBuildPhase section */
		234497AD15AF4EB700ED06A4 /* Frameworks */ = {
			isa = PBXFrameworksBuildPhase;
			buildActionMask = 2147483647;
			files = (
				234497B515AF4EB700ED06A4 /* UIKit.framework in Frameworks */,
				234497B715AF4EB700ED06A4 /* Foundation.framework in Frameworks */,
				234497B915AF4EB700ED06A4 /* CoreGraphics.framework in Frameworks */,
			);
			runOnlyForDeploymentPostprocessing = 0;
		};
/* End PBXFrameworksBuildPhase section */

/* Begin PBXGroup section */
		234497A515AF4EAF00ED06A4 = {
			isa = PBXGroup;
			children = (
				234497BA15AF4EB700ED06A4 /* Calculator2 */,
				234497B315AF4EB700ED06A4 /* Frameworks */,
				234497B115AF4EB700ED06A4 /* Products */,
			);
			sourceTree = "<group>";
		};
		234497B115AF4EB700ED06A4 /* Products */ = {
			isa = PBXGroup;
			children = (
				234497B015AF4EB700ED06A4 /* Calculator2.app */,
			);
			name = Products;
			sourceTree = "<group>";
		};
		234497B315AF4EB700ED06A4 /* Frameworks */ = {
			isa = PBXGroup;
			children = (
				234497B415AF4EB700ED06A4 /* UIKit.framework */,
				234497B615AF4EB700ED06A4 /* Foundation.framework */,
				234497B815AF4EB700ED06A4 /* CoreGraphics.framework */,
			);
			name = Frameworks;
			sourceTree = "<group>";
		};
		234497BA15AF4EB700ED06A4 /* Calculator2 */ = {
			isa = PBXGroup;
			children = (
				234497C315AF4EB700ED06A4 /* CalculatorAppDelegate.h */,
				234497C415AF4EB700ED06A4 /* CalculatorAppDelegate.m */,
				230CF64615AF9A8E00952695 /* CalculatorBrain.h */,
				230CF64715AF9A8E00952695 /* CalculatorBrain.m */,
				234497C615AF4EB800ED06A4 /* MainStoryboard.storyboard */,
				234497C915AF4EB800ED06A4 /* CalculatorViewController.h */,
				234497CA15AF4EB800ED06A4 /* CalculatorViewController.m */,
				234497BB15AF4EB700ED06A4 /* Supporting Files */,
			);
			path = Calculator2;
			sourceTree = "<group>";
		};
		234497BB15AF4EB700ED06A4 /* Supporting Files */ = {
			isa = PBXGroup;
			children = (
				234497BC15AF4EB700ED06A4 /* Calculator2-Info.plist */,
				234497BD15AF4EB700ED06A4 /* InfoPlist.strings */,
				234497C015AF4EB700ED06A4 /* main.m */,
				234497C215AF4EB700ED06A4 /* Calculator2-Prefix.pch */,
			);
			name = "Supporting Files";
			sourceTree = "<group>";
		};
/* End PBXGroup section */

/* Begin PBXNativeTarget section */
		234497AF15AF4EB700ED06A4 /* Calculator2 */ = {
			isa = PBXNativeTarget;
			buildConfigurationList = 234497CE15AF4EB800ED06A4 /* Build configuration list for PBXNativeTarget "Calculator2" */;
			buildPhases = (
				234497AC15AF4EB700ED06A4 /* Sources */,
				234497AD15AF4EB700ED06A4 /* Frameworks */,
				234497AE15AF4EB700ED06A4 /* Resources */,
			);
			buildRules = (
			);
			dependencies = (
			);
			name = Calculator2;
			productName = Calculator2;
			productReference = 234497B015AF4EB700ED06A4 /* Calculator2.app */;
			productType = "com.apple.product-type.application";
		};
/* End PBXNativeTarget section */

/* Begin PBXProject section */
		234497A715AF4EAF00ED06A4 /* Project object */ = {
			isa = PBXProject;
			attributes = {
				CLASSPREFIX = Calculator;
				LastUpgradeCheck = 0430;
			};
			buildConfigurationList = 234497AA15AF4EAF00ED06A4 /* Build configuration list for PBXProject "Calculator2" */;
			compatibilityVersion = "Xcode 3.2";
			developmentRegion = English;
			hasScannedForEncodings = 0;
			knownRegions = (
				en,
			);
			mainGroup = 234497A515AF4EAF00ED06A4;
			productRefGroup = 234497B115AF4EB700ED06A4 /* Products */;
			projectDirPath = "";
			projectRoot = "";
			targets = (
				234497AF15AF4EB700ED06A4 /* Calculator2 */,
			);
		};
/* End PBXProject section */

/* Begin PBXResourcesBuildPhase section */
		234497AE15AF4EB700ED06A4 /* Resources */ = {
			isa = PBXResourcesBuildPhase;
			buildActionMask = 2147483647;
			files = (
				234497BF15AF4EB700ED06A4 /* InfoPlist.strings in Resources */,
				234497C815AF4EB800ED06A4 /* MainStoryboard.storyboard in Resources */,
			);
			runOnlyForDeploymentPostprocessing = 0;
		};
/* End PBXResourcesBuildPhase section */

/* Begin PBXSourcesBuildPhase section */
		234497AC15AF4EB700ED06A4 /* Sources */ = {
			isa = PBXSourcesBuildPhase;
			buildActionMask = 2147483647;
			files = (
				234497C115AF4EB700ED06A4 /* main.m in Sources */,
				234497C515AF4EB700ED06A4 /* CalculatorAppDelegate.m in Sources */,
				234497CB15AF4EB800ED06A4 /* CalculatorViewController.m in Sources */,
				230CF64815AF9A8E00952695 /* CalculatorBrain.m in Sources */,
			);
			runOnlyForDeploymentPostprocessing = 0;
		};
/* End PBXSourcesBuildPhase section */

/* Begin PBXVariantGroup section */
		234497BD15AF4EB700ED06A4 /* InfoPlist.strings */ = {
			isa = PBXVariantGroup;
			children = (
				234497BE15AF4EB700ED06A4 /* en */,
			);
			name = InfoPlist.strings;
			sourceTree = "<group>";
		};
		234497C615AF4EB800ED06A4 /* MainStoryboard.storyboard */ = {
			isa = PBXVariantGroup;
			children = (
				234497C715AF4EB800ED06A4 /* en */,
			);
			name = MainStoryboard.storyboard;
			sourceTree = "<group>";
		};
/* End PBXVariantGroup section */

/* Begin XCBuildConfiguration section */
		234497CC15AF4EB800ED06A4 /* Debug */ = {
			isa = XCBuildConfiguration;
			buildSettings = {
				ALWAYS_SEARCH_USER_PATHS = NO;
				ARCHS = "$(ARCHS_STANDARD_32_BIT)";
				CLANG_ENABLE_OBJC_ARC = YES;
				"CODE_SIGN_IDENTITY[sdk=iphoneos*]" = "iPhone Developer";
				COPY_PHASE_STRIP = NO;
				GCC_C_LANGUAGE_STANDARD = gnu99;
				GCC_DYNAMIC_NO_PIC = NO;
				GCC_OPTIMIZATION_LEVEL = 0;
				GCC_PREPROCESSOR_DEFINITIONS = (
					"DEBUG=1",
					"$(inherited)",
				);
				GCC_SYMBOLS_PRIVATE_EXTERN = NO;
				GCC_VERSION = com.apple.compilers.llvm.clang.1_0;
				GCC_WARN_ABOUT_RETURN_TYPE = YES;
				GCC_WARN_UNINITIALIZED_AUTOS = YES;
				GCC_WARN_UNUSED_VARIABLE = YES;
				IPHONEOS_DEPLOYMENT_TARGET = 5.1;
				SDKROOT = iphoneos;
			};
			name = Debug;
		};
		234497CD15AF4EB800ED06A4 /* Release */ = {
			isa = XCBuildConfiguration;
			buildSettings = {
				ALWAYS_SEARCH_USER_PATHS = NO;
				ARCHS = "$(ARCHS_STANDARD_32_BIT)";
				CLANG_ENABLE_OBJC_ARC = YES;
				"CODE_SIGN_IDENTITY[sdk=iphoneos*]" = "iPhone Developer";
				COPY_PHASE_STRIP = YES;
				GCC_C_LANGUAGE_STANDARD = gnu99;
				GCC_VERSION = com.apple.compilers.llvm.clang.1_0;
				GCC_WARN_ABOUT_RETURN_TYPE = YES;
				GCC_WARN_UNINITIALIZED_AUTOS = YES;
				GCC_WARN_UNUSED_VARIABLE = YES;
				IPHONEOS_DEPLOYMENT_TARGET = 5.1;
				OTHER_CFLAGS = "-DNS_BLOCK_ASSERTIONS=1";
				SDKROOT = iphoneos;
				VALIDATE_PRODUCT = YES;
			};
			name = Release;
		};
		234497CF15AF4EB800ED06A4 /* Debug */ = {
			isa = XCBuildConfiguration;
			buildSettings = {
				GCC_PRECOMPILE_PREFIX_HEADER = YES;
				GCC_PREFIX_HEADER = "Calculator2/Calculator2-Prefix.pch";
				INFOPLIST_FILE = "Calculator2/Calculator2-Info.plist";
				PRODUCT_NAME = "$(TARGET_NAME)";
				WRAPPER_EXTENSION = app;
			};
			name = Debug;
		};
		234497D015AF4EB800ED06A4 /* Release */ = {
			isa = XCBuildConfiguration;
			buildSettings = {
				GCC_PRECOMPILE_PREFIX_HEADER = YES;
				GCC_PREFIX_HEADER = "Calculator2/Calculator2-Prefix.pch";
				INFOPLIST_FILE = "Calculator2/Calculator2-Info.plist";
				PRODUCT_NAME = "$(TARGET_NAME)";
				WRAPPER_EXTENSION = app;
			};
			name = Release;
		};
/* End XCBuildConfiguration section */

/* Begin XCConfigurationList section */
		234497AA15AF4EAF00ED06A4 /* Build configuration list for PBXProject "Calculator2" */ = {
			isa = XCConfigurationList;
			buildConfigurations = (
				234497CC15AF4EB800ED06A4 /* Debug */,
				234497CD15AF4EB800ED06A4 /* Release */,
			);
			defaultConfigurationIsVisible = 0;
			defaultConfigurationName = Release;
		};
		234497CE15AF4EB800ED06A4 /* Build configuration list for PBXNativeTarget "Calculator2" */ = {
			isa = XCConfigurationList;
			buildConfigurations = (
				234497CF15AF4EB800ED06A4 /* Debug */,
				234497D015AF4EB800ED06A4 /* Release */,
			);
			defaultConfigurationIsVisible = 0;
			defaultConfigurationName = Release;
		};
/* End XCConfigurationList section */
	};
	rootObject = 234497A715AF4EAF00ED06A4 /* Project object */;
}
